
Microsoft Visual Studio Solution File, Format Version 12.00
# Visual Studio Version 17
VisualStudioVersion = 17.2.32516.85
MinimumVisualStudioVersion = 10.0.40219.1
Project("{FAE04EC0-301F-11D3-BF4B-00C04F79EFBC}") = "find-mS-DS-CreatorSID", "find-mS-DS-CreatorSID.csproj", "{51120C35-68FE-4AF2-A54F-BE173A7D73DE}"
EndProject
Global
	GlobalSection(SolutionConfigurationPlatforms) = preSolution
		Debug|Any CPU = Debug|Any CPU
		Release|Any CPU = Release|Any CPU
	EndGlobalSection
	GlobalSection(ProjectConfigurationPlatforms) = postSolution
		{51120C35-68FE-4AF2-A54F-BE173A7D73DE}.Debug|Any CPU.ActiveCfg = Debug|Any CPU
		{51120C35-68FE-4AF2-A54F-BE173A7D73DE}.Debug|Any CPU.Build.0 = Debug|Any CPU
		{51120C35-68FE-4AF2-A54F-BE173A7D73DE}.Release|Any CPU.ActiveCfg = Release|Any CPU
		{51120C35-68FE-4AF2-A54F-BE173A7D73DE}.Release|Any CPU.Build.0 = Release|Any CPU
	EndGlobalSection
	GlobalSection(SolutionProperties) = preSolution
		HideSolutionNode = FALSE
	EndGlobalSection
	GlobalSection(ExtensibilityGlobals) = postSolution
		SolutionGuid = {79BF77EE-21E0-49CA-A8C7-94939F3D9114}
	EndGlobalSection
EndGlobal
